
Microsoft Visual Studio Solution File, Format Version 12.00
# Visual Studio Version 16
VisualStudioVersion = 16.0.30330.147
MinimumVisualStudioVersion = 10.0.40219.1
Project("{FAE04EC0-301F-11D3-BF4B-00C04F79EFBC}") = "Stateless.App.ConsoleApp", "Stateless.App.ConsoleApp\Stateless.App.ConsoleApp.csproj", "{B928E8D1-94DC-4C9B-A365-B79B1CC05944}"
EndProject
Global
	GlobalSection(SolutionConfigurationPlatforms) = preSolution
		Debug|Any CPU = Debug|Any CPU
		Release|Any CPU = Release|Any CPU
	EndGlobalSection
	GlobalSection(ProjectConfigurationPlatforms) = postSolution
		{B928E8D1-94DC-4C9B-A365-B79B1CC05944}.Debug|Any CPU.ActiveCfg = Debug|Any CPU
		{B928E8D1-94DC-4C9B-A365-B79B1CC05944}.Debug|Any CPU.Build.0 = Debug|Any CPU
		{B928E8D1-94DC-4C9B-A365-B79B1CC05944}.Release|Any CPU.ActiveCfg = Release|Any CPU
		{B928E8D1-94DC-4C9B-A365-B79B1CC05944}.Release|Any CPU.Build.0 = Release|Any CPU
	EndGlobalSection
	GlobalSection(SolutionProperties) = preSolution
		HideSolutionNode = FALSE
	EndGlobalSection
	GlobalSection(ExtensibilityGlobals) = postSolution
		SolutionGuid = {53F66227-7359-4C83-89F6-F4AC78720EC4}
	EndGlobalSection
EndGlobal
